PODS:
  - AFNetworking (3.0.4):
    - AFNetworking/NSURLSession (= 3.0.4)
    - AFNetworking/Reachability (= 3.0.4)
    - AFNetworking/Security (= 3.0.4)
    - AFNetworking/Serialization (= 3.0.4)
    - AFNetworking/UIKit (= 3.0.4)
  - AFNetworking/NSURLSession (3.0.4):
    - AFNetworking/Reachability
    - AFNetworking/Security
    - AFNetworking/Serialization
  - AFNetworking/Reachability (3.0.4)
  - AFNetworking/Security (3.0.4)
  - AFNetworking/Serialization (3.0.4)
  - AFNetworking/UIKit (3.0.4):
    - AFNetworking/NSURLSession
  - EBPhotoPages (0.9.1)
  - EZAudio (1.1.2):
    - EZAudio/Full (= 1.1.2)
  - EZAudio/Core (1.1.2)
  - EZAudio/Full (1.1.2):
    - EZAudio/Core
    - TPCircularBuffer (~> 0.0)
  - Mantle (2.0.6):
    - Mantle/extobjc (= 2.0.6)
  - Mantle/extobjc (2.0.6)
  - PhotoTweaks (1.0.2)
  - TPCircularBuffer (0.0.1)

DEPENDENCIES:
  - AFNetworking (~> 3.0.2)
  - EBPhotoPages (~> 0.9.1)
  - EZAudio (~> 1.1.2)
  - Mantle (~> 2.0.6)
  - PhotoTweaks (~> 1.0.2)

SPEC CHECKSUMS:
  AFNetworking: a0075feb321559dc78d9d85b55d11caa19eabb93
  EBPhotoPages: 57ad7f10c6fc92b734954e00cd98e8eea6feae82
  EZAudio: 01373de2b1257b77be1bf13753fb1c4ea8a9777e
  Mantle: 299966b00759634931699f69cb6a30b9239b944d
  PhotoTweaks: e91ce097f9df435049e7c35d419f9a7749e252bc
  TPCircularBuffer: 949e9632b9fb99b7274d7b2296ee22bff5841e35

COCOAPODS: 0.39.0
